// !$*UTF8*$!
{
	archiveVersion = 1;
	classes = {
	};
	objectVersion = 46;
	objects = {

/* Begin PBXBuildFile section */
		D407F29D1A7A8DA80075D825 /* main.m in Sources */ = {isa = PBXBuildFile; fileRef = D407F29C1A7A8DA80075D825 /* main.m */; };
		D407F2A01A7A8DA80075D825 /* AppDelegate.m in Sources */ = {isa = PBXBuildFile; fileRef = D407F29F1A7A8DA80075D825 /* AppDelegate.m */; };
		D407F2A31A7A8DA80075D825 /* ViewController.m in Sources */ = {isa = PBXBuildFile; fileRef = D407F2A21A7A8DA80075D825 /* ViewController.m */; };
		D407F2A61A7A8DA80075D825 /* Main.storyboard in Resources */ = {isa = PBXBuildFile; fileRef = D407F2A41A7A8DA80075D825 /* Main.storyboard */; };
		D407F2A81A7A8DA80075D825 /* Images.xcassets in Resources */ = {isa = PBXBuildFile; fileRef = D407F2A71A7A8DA80075D825 /* Images.xcassets */; };
		D407F2AB1A7A8DA80075D825 /* LaunchScreen.xib in Resources */ = {isa = PBXBuildFile; fileRef = D407F2A91A7A8DA80075D825 /* LaunchScreen.xib */; };
		D407F2B71A7A8DA80075D825 /* BHC_OrdersTests.m in Sources */ = {isa = PBXBuildFile; fileRef = D407F2B61A7A8DA80075D825 /* BHC_OrdersTests.m */; };
		D407F2C11A7AA9B40075D825 /* Customers.plist in Resources */ = {isa = PBXBuildFile; fileRef = D407F2C01A7AA9B40075D825 /* Customers.plist */; };
		D407F3271A7C1E160075D825 /* Products.plist in Resources */ = {isa = PBXBuildFile; fileRef = D407F3261A7C1E160075D825 /* Products.plist */; };
/* End PBXBuildFile section */

/* Begin PBXContainerItemProxy section */
		D407F2B11A7A8DA80075D825 /* PBXContainerItemProxy */ = {
			isa = PBXContainerItemProxy;
			containerPortal = D407F28F1A7A8DA80075D825 /* Project object */;
			proxyType = 1;
			remoteGlobalIDString = D407F2961A7A8DA80075D825;
			remoteInfo = "BHC Orders";
		};
/* End PBXContainerItemProxy section */

/* Begin PBXFileReference section */
		D407F2971A7A8DA80075D825 /* BHC Orders.app */ = {isa = PBXFileReference; explicitFileType = wrapper.application; includeInIndex = 0; path = "BHC Orders.app"; sourceTree = BUILT_PRODUCTS_DIR; };
		D407F29B1A7A8DA80075D825 /* Info.plist */ = {isa = PBXFileReference; lastKnownFileType = text.plist.xml; path = Info.plist; sourceTree = "<group>"; };
		D407F29C1A7A8DA80075D825 /* main.m */ = {isa = PBXFileReference; lastKnownFileType = sourcecode.c.objc; path = main.m; sourceTree = "<group>"; };
		D407F29E1A7A8DA80075D825 /* AppDelegate.h */ = {isa = PBXFileReference; lastKnownFileType = sourcecode.c.h; path = AppDelegate.h; sourceTree = "<group>"; };
		D407F29F1A7A8DA80075D825 /* AppDelegate.m */ = {isa = PBXFileReference; lastKnownFileType = sourcecode.c.objc; path = AppDelegate.m; sourceTree = "<group>"; };
		D407F2A11A7A8DA80075D825 /* ViewController.h */ = {isa = PBXFileReference; lastKnownFileType = sourcecode.c.h; path = ViewController.h; sourceTree = "<group>"; };
		D407F2A21A7A8DA80075D825 /* ViewController.m */ = {isa = PBXFileReference; lastKnownFileType = sourcecode.c.objc; path = ViewController.m; sourceTree = "<group>"; };
		D407F2A51A7A8DA80075D825 /* Base */ = {isa = PBXFileReference; lastKnownFileType = file.storyboard; name = Base; path = Base.lproj/Main.storyboard; sourceTree = "<group>"; };
		D407F2A71A7A8DA80075D825 /* Images.xcassets */ = {isa = PBXFileReference; lastKnownFileType = folder.assetcatalog; path = Images.xcassets; sourceTree = "<group>"; };
		D407F2AA1A7A8DA80075D825 /* Base */ = {isa = PBXFileReference; lastKnownFileType = file.xib; name = Base; path = Base.lproj/LaunchScreen.xib; sourceTree = "<group>"; };
		D407F2B01A7A8DA80075D825 /* BHC OrdersTests.xctest */ = {isa = PBXFileReference; explicitFileType = wrapper.cfbundle; includeInIndex = 0; path = "BHC OrdersTests.xctest"; sourceTree = BUILT_PRODUCTS_DIR; };
		D407F2B51A7A8DA80075D825 /* Info.plist */ = {isa = PBXFileReference; lastKnownFileType = text.plist.xml; path = Info.plist; sourceTree = "<group>"; };
		D407F2B61A7A8DA80075D825 /* BHC_OrdersTests.m */ = {isa = PBXFileReference; lastKnownFileType = sourcecode.c.objc; path = BHC_OrdersTests.m; sourceTree = "<group>"; };
		D407F2C01A7AA9B40075D825 /* Customers.plist */ = {isa = PBXFileReference; fileEncoding = 4; lastKnownFileType = text.plist.xml; path = Customers.plist; sourceTree = "<group>"; };
		D407F3261A7C1E160075D825 /* Products.plist */ = {isa = PBXFileReference; fileEncoding = 4; lastKnownFileType = text.plist.xml; path = Products.plist; sourceTree = "<group>"; };
/* End PBXFileReference section */

/* Begin PBXFrameworksBuildPhase section */
		D407F2941A7A8DA80075D825 /* Frameworks */ = {
			isa = PBXFrameworksBuildPhase;
			buildActionMask = 2147483647;
			files = (
			);
			runOnlyForDeploymentPostprocessing = 0;
		};
		D407F2AD1A7A8DA80075D825 /* Frameworks */ = {
			isa = PBXFrameworksBuildPhase;
			buildActionMask = 2147483647;
			files = (
			);
			runOnlyForDeploymentPostprocessing = 0;
		};
/* End PBXFrameworksBuildPhase section */

/* Begin PBXGroup section */
		D407F28E1A7A8DA80075D825 = {
			isa = PBXGroup;
			children = (
				D407F2991A7A8DA80075D825 /* BHC Orders */,
				D407F2B31A7A8DA80075D825 /* BHC OrdersTests */,
				D407F2981A7A8DA80075D825 /* Products */,
			);
			sourceTree = "<group>";
		};
		D407F2981A7A8DA80075D825 /* Products */ = {
			isa = PBXGroup;
			children = (
				D407F2971A7A8DA80075D825 /* BHC Orders.app */,
				D407F2B01A7A8DA80075D825 /* BHC OrdersTests.xctest */,
			);
			name = Products;
			sourceTree = "<group>";
		};
		D407F2991A7A8DA80075D825 /* BHC Orders */ = {
			isa = PBXGroup;
			children = (
				D407F29E1A7A8DA80075D825 /* AppDelegate.h */,
				D407F29F1A7A8DA80075D825 /* AppDelegate.m */,
				D407F2A11A7A8DA80075D825 /* ViewController.h */,
				D407F2A21A7A8DA80075D825 /* ViewController.m */,
				D407F2A41A7A8DA80075D825 /* Main.storyboard */,
				D407F2A71A7A8DA80075D825 /* Images.xcassets */,
				D407F2A91A7A8DA80075D825 /* LaunchScreen.xib */,
				D407F29A1A7A8DA80075D825 /* Supporting Files */,
				D407F2C01A7AA9B40075D825 /* Customers.plist */,
				D407F3261A7C1E160075D825 /* Products.plist */,
			);
			path = "BHC Orders";
			sourceTree = "<group>";
		};
		D407F29A1A7A8DA80075D825 /* Supporting Files */ = {
			isa = PBXGroup;
			children = (
				D407F29B1A7A8DA80075D825 /* Info.plist */,
				D407F29C1A7A8DA80075D825 /* main.m */,
			);
			name = "Supporting Files";
			sourceTree = "<group>";
		};
		D407F2B31A7A8DA80075D825 /* BHC OrdersTests */ = {
			isa = PBXGroup;
			children = (
				D407F2B61A7A8DA80075D825 /* BHC_OrdersTests.m */,
				D407F2B41A7A8DA80075D825 /* Supporting Files */,
			);
			path = "BHC OrdersTests";
			sourceTree = "<group>";
		};
		D407F2B41A7A8DA80075D825 /* Supporting Files */ = {
			isa = PBXGroup;
			children = (
				D407F2B51A7A8DA80075D825 /* Info.plist */,
			);
			name = "Supporting Files";
			sourceTree = "<group>";
		};
/* End PBXGroup section */

/* Begin PBXNativeTarget section */
		D407F2961A7A8DA80075D825 /* BHC Orders */ = {
			isa = PBXNativeTarget;
			buildConfigurationList = D407F2BA1A7A8DA80075D825 /* Build configuration list for PBXNativeTarget "BHC Orders" */;
			buildPhases = (
				D407F2931A7A8DA80075D825 /* Sources */,
				D407F2941A7A8DA80075D825 /* Frameworks */,
				D407F2951A7A8DA80075D825 /* Resources */,
			);
			buildRules = (
			);
			dependencies = (
			);
			name = "BHC Orders";
			productName = "BHC Orders";
			productReference = D407F2971A7A8DA80075D825 /* BHC Orders.app */;
			productType = "com.apple.product-type.application";
		};
		D407F2AF1A7A8DA80075D825 /* BHC OrdersTests */ = {
			isa = PBXNativeTarget;
			buildConfigurationList = D407F2BD1A7A8DA80075D825 /* Build configuration list for PBXNativeTarget "BHC OrdersTests" */;
			buildPhases = (
				D407F2AC1A7A8DA80075D825 /* Sources */,
				D407F2AD1A7A8DA80075D825 /* Frameworks */,
				D407F2AE1A7A8DA80075D825 /* Resources */,
			);
			buildRules = (
			);
			dependencies = (
				D407F2B21A7A8DA80075D825 /* PBXTargetDependency */,
			);
			name = "BHC OrdersTests";
			productName = "BHC OrdersTests";
			productReference = D407F2B01A7A8DA80075D825 /* BHC OrdersTests.xctest */;
			productType = "com.apple.product-type.bundle.unit-test";
		};
/* End PBXNativeTarget section */

/* Begin PBXProject section */
		D407F28F1A7A8DA80075D825 /* Project object */ = {
			isa = PBXProject;
			attributes = {
				LastUpgradeCheck = 0610;
				ORGANIZATIONNAME = "Jennifer Cabrera";
				TargetAttributes = {
					D407F2961A7A8DA80075D825 = {
						CreatedOnToolsVersion = 6.1.1;
					};
					D407F2AF1A7A8DA80075D825 = {
						CreatedOnToolsVersion = 6.1.1;
						TestTargetID = D407F2961A7A8DA80075D825;
					};
				};
			};
			buildConfigurationList = D407F2921A7A8DA80075D825 /* Build configuration list for PBXProject "BHC Orders" */;
			compatibilityVersion = "Xcode 3.2";
			developmentRegion = English;
			hasScannedForEncodings = 0;
			knownRegions = (
				en,
				Base,
			);
			mainGroup = D407F28E1A7A8DA80075D825;
			productRefGroup = D407F2981A7A8DA80075D825 /* Products */;
			projectDirPath = "";
			projectRoot = "";
			targets = (
				D407F2961A7A8DA80075D825 /* BHC Orders */,
				D407F2AF1A7A8DA80075D825 /* BHC OrdersTests */,
			);
		};
/* End PBXProject section */

/* Begin PBXResourcesBuildPhase section */
		D407F2951A7A8DA80075D825 /* Resources */ = {
			isa = PBXResourcesBuildPhase;
			buildActionMask = 2147483647;
			files = (
				D407F2A61A7A8DA80075D825 /* Main.storyboard in Resources */,
				D407F2AB1A7A8DA80075D825 /* LaunchScreen.xib in Resources */,
				D407F3271A7C1E160075D825 /* Products.plist in Resources */,
				D407F2C11A7AA9B40075D825 /* Customers.plist in Resources */,
				D407F2A81A7A8DA80075D825 /* Images.xcassets in Resources */,
			);
			runOnlyForDeploymentPostprocessing = 0;
		};
		D407F2AE1A7A8DA80075D825 /* Resources */ = {
			isa = PBXResourcesBuildPhase;
			buildActionMask = 2147483647;
			files = (
			);
			runOnlyForDeploymentPostprocessing = 0;
		};
/* End PBXResourcesBuildPhase section */

/* Begin PBXSourcesBuildPhase section */
		D407F2931A7A8DA80075D825 /* Sources */ = {
			isa = PBXSourcesBuildPhase;
			buildActionMask = 2147483647;
			files = (
				D407F2A31A7A8DA80075D825 /* ViewController.m in Sources */,
				D407F2A01A7A8DA80075D825 /* AppDelegate.m in Sources */,
				D407F29D1A7A8DA80075D825 /* main.m in Sources */,
			);
			runOnlyForDeploymentPostprocessing = 0;
		};
		D407F2AC1A7A8DA80075D825 /* Sources */ = {
			isa = PBXSourcesBuildPhase;
			buildActionMask = 2147483647;
			files = (
				D407F2B71A7A8DA80075D825 /* BHC_OrdersTests.m in Sources */,
			);
			runOnlyForDeploymentPostprocessing = 0;
		};
/* End PBXSourcesBuildPhase section */

/* Begin PBXTargetDependency section */
		D407F2B21A7A8DA80075D825 /* PBXTargetDependency */ = {
			isa = PBXTargetDependency;
			target = D407F2961A7A8DA80075D825 /* BHC Orders */;
			targetProxy = D407F2B11A7A8DA80075D825 /* PBXContainerItemProxy */;
		};
/* End PBXTargetDependency section */

/* Begin PBXVariantGroup section */
		D407F2A41A7A8DA80075D825 /* Main.storyboard */ = {
			isa = PBXVariantGroup;
			children = (
				D407F2A51A7A8DA80075D825 /* Base */,
			);
			name = Main.storyboard;
			sourceTree = "<group>";
		};
		D407F2A91A7A8DA80075D825 /* LaunchScreen.xib */ = {
			isa = PBXVariantGroup;
			children = (
				D407F2AA1A7A8DA80075D825 /* Base */,
			);
			name = LaunchScreen.xib;
			sourceTree = "<group>";
		};
/* End PBXVariantGroup section */

/* Begin XCBuildConfiguration section */
		D407F2B81A7A8DA80075D825 /* Debug */ = {
			isa = XCBuildConfiguration;
			buildSettings = {
				ALWAYS_SEARCH_USER_PATHS = NO;
				CLANG_CXX_LANGUAGE_STANDARD = "gnu++0x";
				CLANG_CXX_LIBRARY = "libc++";
				CLANG_ENABLE_MODULES = YES;
				CLANG_ENABLE_OBJC_ARC = YES;
				CLANG_WARN_BOOL_CONVERSION = YES;
				CLANG_WARN_CONSTANT_CONVERSION = YES;
				CLANG_WARN_DIRECT_OBJC_ISA_USAGE = YES_ERROR;
				CLANG_WARN_EMPTY_BODY = YES;
				CLANG_WARN_ENUM_CONVERSION = YES;
				CLANG_WARN_INT_CONVERSION = YES;
				CLANG_WARN_OBJC_ROOT_CLASS = YES_ERROR;
				CLANG_WARN_UNREACHABLE_CODE = YES;
				CLANG_WARN__DUPLICATE_METHOD_MATCH = YES;
				"CODE_SIGN_IDENTITY[sdk=iphoneos*]" = "iPhone Developer";
				COPY_PHASE_STRIP = NO;
				ENABLE_STRICT_OBJC_MSGSEND = YES;
				GCC_C_LANGUAGE_STANDARD = gnu99;
				GCC_DYNAMIC_NO_PIC = NO;
				GCC_OPTIMIZATION_LEVEL = 0;
				GCC_PREPROCESSOR_DEFINITIONS = (
					"DEBUG=1",
					"$(inherited)",
				);
				GCC_SYMBOLS_PRIVATE_EXTERN = NO;
				GCC_WARN_64_TO_32_BIT_CONVERSION = YES;
				GCC_WARN_ABOUT_RETURN_TYPE = YES_ERROR;
				GCC_WARN_UNDECLARED_SELECTOR = YES;
				GCC_WARN_UNINITIALIZED_AUTOS = YES_AGGRESSIVE;
				GCC_WARN_UNUSED_FUNCTION = YES;
				GCC_WARN_UNUSED_VARIABLE = YES;
				IPHONEOS_DEPLOYMENT_TARGET = 8.1;
				MTL_ENABLE_DEBUG_INFO = YES;
				ONLY_ACTIVE_ARCH = YES;
				SDKROOT = iphoneos;
			};
			name = Debug;
		};
		D407F2B91A7A8DA80075D825 /* Release */ = {
			isa = XCBuildConfiguration;
			buildSettings = {
				ALWAYS_SEARCH_USER_PATHS = NO;
				CLANG_CXX_LANGUAGE_STANDARD = "gnu++0x";
				CLANG_CXX_LIBRARY = "libc++";
				CLANG_ENABLE_MODULES = YES;
				CLANG_ENABLE_OBJC_ARC = YES;
				CLANG_WARN_BOOL_CONVERSION = YES;
				CLANG_WARN_CONSTANT_CONVERSION = YES;
				CLANG_WARN_DIRECT_OBJC_ISA_USAGE = YES_ERROR;
				CLANG_WARN_EMPTY_BODY = YES;
				CLANG_WARN_ENUM_CONVERSION = YES;
				CLANG_WARN_INT_CONVERSION = YES;
				CLANG_WARN_OBJC_ROOT_CLASS = YES_ERROR;
				CLANG_WARN_UNREACHABLE_CODE = YES;
				CLANG_WARN__DUPLICATE_METHOD_MATCH = YES;
				"CODE_SIGN_IDENTITY[sdk=iphoneos*]" = "iPhone Developer";
				COPY_PHASE_STRIP = YES;
				ENABLE_NS_ASSERTIONS = NO;
				ENABLE_STRICT_OBJC_MSGSEND = YES;
				GCC_C_LANGUAGE_STANDARD = gnu99;
				GCC_WARN_64_TO_32_BIT_CONVERSION = YES;
				GCC_WARN_ABOUT_RETURN_TYPE = YES_ERROR;
				GCC_WARN_UNDECLARED_SELECTOR = YES;
				GCC_WARN_UNINITIALIZED_AUTOS = YES_AGGRESSIVE;
				GCC_WARN_UNUSED_FUNCTION = YES;
				GCC_WARN_UNUSED_VARIABLE = YES;
				IPHONEOS_DEPLOYMENT_TARGET = 8.1;
				MTL_ENABLE_DEBUG_INFO = NO;
				SDKROOT = iphoneos;
				VALIDATE_PRODUCT = YES;
			};
			name = Release;
		};
		D407F2BB1A7A8DA80075D825 /* Debug */ = {
			isa = XCBuildConfiguration;
			buildSettings = {
				ASSETCATALOG_COMPILER_APPICON_NAME = AppIcon;
				INFOPLIST_FILE = "BHC Orders/Info.plist";
				LD_RUNPATH_SEARCH_PATHS = "$(inherited) @executable_path/Frameworks";
				PRODUCT_NAME = "$(TARGET_NAME)";
			};
			name = Debug;
		};
		D407F2BC1A7A8DA80075D825 /* Release */ = {
			isa = XCBuildConfiguration;
			buildSettings = {
				ASSETCATALOG_COMPILER_APPICON_NAME = AppIcon;
				INFOPLIST_FILE = "BHC Orders/Info.plist";
				LD_RUNPATH_SEARCH_PATHS = "$(inherited) @executable_path/Frameworks";
				PRODUCT_NAME = "$(TARGET_NAME)";
			};
			name = Release;
		};
		D407F2BE1A7A8DA80075D825 /* Debug */ = {
			isa = XCBuildConfiguration;
			buildSettings = {
				BUNDLE_LOADER = "$(TEST_HOST)";
				FRAMEWORK_SEARCH_PATHS = (
					"$(SDKROOT)/Developer/Library/Frameworks",
					"$(inherited)",
				);
				GCC_PREPROCESSOR_DEFINITIONS = (
					"DEBUG=1",
					"$(inherited)",
				);
				INFOPLIST_FILE = "BHC OrdersTests/Info.plist";
				LD_RUNPATH_SEARCH_PATHS = "$(inherited) @executable_path/Frameworks @loader_path/Frameworks";
				PRODUCT_NAME = "$(TARGET_NAME)";
				TEST_HOST = "$(BUILT_PRODUCTS_DIR)/BHC Orders.app/BHC Orders";
			};
			name = Debug;
		};
		D407F2BF1A7A8DA80075D825 /* Release */ = {
			isa = XCBuildConfiguration;
			buildSettings = {
				BUNDLE_LOADER = "$(TEST_HOST)";
				FRAMEWORK_SEARCH_PATHS = (
					"$(SDKROOT)/Developer/Library/Frameworks",
					"$(inherited)",
				);
				INFOPLIST_FILE = "BHC OrdersTests/Info.plist";
				LD_RUNPATH_SEARCH_PATHS = "$(inherited) @executable_path/Frameworks @loader_path/Frameworks";
				PRODUCT_NAME = "$(TARGET_NAME)";
				TEST_HOST = "$(BUILT_PRODUCTS_DIR)/BHC Orders.app/BHC Orders";
			};
			name = Release;
		};
/* End XCBuildConfiguration section */

/* Begin XCConfigurationList section */
		D407F2921A7A8DA80075D825 /* Build configuration list for PBXProject "BHC Orders" */ = {
			isa = XCConfigurationList;
			buildConfigurations = (
				D407F2B81A7A8DA80075D825 /* Debug */,
				D407F2B91A7A8DA80075D825 /* Release */,
			);
			defaultConfigurationIsVisible = 0;
			defaultConfigurationName = Release;
		};
		D407F2BA1A7A8DA80075D825 /* Build configuration list for PBXNativeTarget "BHC Orders" */ = {
			isa = XCConfigurationList;
			buildConfigurations = (
				D407F2BB1A7A8DA80075D825 /* Debug */,
				D407F2BC1A7A8DA80075D825 /* Release */,
			);
			defaultConfigurationIsVisible = 0;
		};
		D407F2BD1A7A8DA80075D825 /* Build configuration list for PBXNativeTarget "BHC OrdersTests" */ = {
			isa = XCConfigurationList;
			buildConfigurations = (
				D407F2BE1A7A8DA80075D825 /* Debug */,
				D407F2BF1A7A8DA80075D825 /* Release */,
			);
			defaultConfigurationIsVisible = 0;
		};
/* End XCConfigurationList section */
	};
	rootObject = D407F28F1A7A8DA80075D825 /* Project object */;
}
